
Microsoft Visual Studio Solution File, Format Version 12.00
# Visual Studio 15
VisualStudioVersion = 15.0.28307.329
MinimumVisualStudioVersion = 10.0.40219.1
Project("{FAE04EC0-301F-11D3-BF4B-00C04F79EFBC}") = "Lab1", "Lab1\Lab1.csproj", "{23726198-F40F-4936-992E-14760FB9D5AA}"
EndProject
Project("{FAE04EC0-301F-11D3-BF4B-00C04F79EFBC}") = "Lab1_WinForms", "Lab1_WinForms\Lab1_WinForms.csproj", "{DFBE30BD-5781-4543-929B-993131200056}"
EndProject
Project("{2150E333-8FDC-42A3-9474-1A3956D46DE8}") = "Lab1", "Lab1", "{F45FF698-3038-4AB3-B629-8FA79203A741}"
EndProject
Project("{2150E333-8FDC-42A3-9474-1A3956D46DE8}") = "Lab2", "Lab2", "{C36910BD-644F-42A1-918A-33E609FDBA08}"
EndProject
Project("{2150E333-8FDC-42A3-9474-1A3956D46DE8}") = "Lab3", "Lab3", "{92E02E2C-09C6-49E9-8780-D9FCE42E1EC4}"
EndProject
Project("{2150E333-8FDC-42A3-9474-1A3956D46DE8}") = "Lab4", "Lab4", "{124C89AE-A729-4D77-BC5C-61B733F49911}"
EndProject
Project("{2150E333-8FDC-42A3-9474-1A3956D46DE8}") = "Lab5", "Lab5", "{A9CB2E13-43BF-4BED-8040-CBA62717201C}"
EndProject
Project("{2150E333-8FDC-42A3-9474-1A3956D46DE8}") = "Lab6", "Lab6", "{0EDD851C-DFC0-440E-9AE7-7CCB57787272}"
EndProject
Project("{2150E333-8FDC-42A3-9474-1A3956D46DE8}") = "Lab7", "Lab7", "{7DB02543-901C-4F34-B327-F2112A0A7E34}"
EndProject
Project("{2150E333-8FDC-42A3-9474-1A3956D46DE8}") = "Lab8", "Lab8", "{950C1F6D-2434-4FDE-B507-477C551B58B7}"
EndProject
Project("{2150E333-8FDC-42A3-9474-1A3956D46DE8}") = "Lab9", "Lab9", "{AE82F98D-EA63-43E8-886A-554663479561}"
	ProjectSection(SolutionItems) = preProject
		Lab9\UML_DenisovAY.EAP = Lab9\UML_DenisovAY.EAP
	EndProjectSection
EndProject
Project("{2150E333-8FDC-42A3-9474-1A3956D46DE8}") = "Tasks", "Tasks", "{60EC5ED8-0E4F-455F-923E-CA10E923E0D2}"
	ProjectSection(SolutionItems) = preProject
		Tasks\Denisov_Lab7_SQL_DB.docx = Tasks\Denisov_Lab7_SQL_DB.docx
		Tasks\Lab1.pdf = Tasks\Lab1.pdf
		Tasks\Lab2.pdf = Tasks\Lab2.pdf
		Tasks\Lab3.pdf = Tasks\Lab3.pdf
		Tasks\Lab4.pdf = Tasks\Lab4.pdf
		Tasks\Lab5.pdf = Tasks\Lab5.pdf
		Tasks\Lab6.pdf = Tasks\Lab6.pdf
		Tasks\Lab7.pdf = Tasks\Lab7.pdf
		Tasks\Lab8.pdf = Tasks\Lab8.pdf
		Tasks\Lab9.pdf = Tasks\Lab9.pdf
	EndProjectSection
EndProject
Project("{FAE04EC0-301F-11D3-BF4B-00C04F79EFBC}") = "Lab2_1", "Lab2_1\Lab2_1.csproj", "{7D93440D-FFBA-45DE-8DF4-D3EA112C0463}"
EndProject
Project("{FAE04EC0-301F-11D3-BF4B-00C04F79EFBC}") = "Lab2_2", "Lab2_2\Lab2_2.csproj", "{A410DA4B-F1EE-4036-B059-20F82E716CF9}"
EndProject
Project("{FAE04EC0-301F-11D3-BF4B-00C04F79EFBC}") = "Lab3_1", "Lab3_1\Lab3_1.csproj", "{A518FFCA-CD09-4E8C-8071-A1746DE57347}"
EndProject
Project("{FAE04EC0-301F-11D3-BF4B-00C04F79EFBC}") = "Lab3_2", "Lab3_2\Lab3_2.csproj", "{7853E6CF-5246-4583-AA6C-57F9A78552FE}"
EndProject
Project("{FAE04EC0-301F-11D3-BF4B-00C04F79EFBC}") = "Lab6", "Lab6\Lab6.csproj", "{2073D414-AB50-4832-908B-15ED4E9F5D2A}"
EndProject
Project("{FAE04EC0-301F-11D3-BF4B-00C04F79EFBC}") = "Lab7", "Lab7\Lab7.csproj", "{C2FAC313-A1DE-4495-84E0-1D67878ED5BC}"
EndProject
Project("{FAE04EC0-301F-11D3-BF4B-00C04F79EFBC}") = "Lab8", "Lab8\Lab8.csproj", "{E7F81147-F174-42B1-82FC-9A105E335F31}"
EndProject
Project("{FAE04EC0-301F-11D3-BF4B-00C04F79EFBC}") = "Lab5", "Lab5\Lab5.csproj", "{0619A65C-57C7-422C-9C9B-D15C75AFD652}"
EndProject
Project("{FAE04EC0-301F-11D3-BF4B-00C04F79EFBC}") = "Lab4", "Lab4\Lab4.csproj", "{2881B3A5-21DD-40B1-8B20-9019EF9837BA}"
EndProject
Project("{2150E333-8FDC-42A3-9474-1A3956D46DE8}") = "Course Work", "Course Work", "{6662A941-8FA1-490C-8BAE-BD920E237C77}"
EndProject
Project("{FAE04EC0-301F-11D3-BF4B-00C04F79EFBC}") = "DenisovArt_Kurs", "Сourse work\DenisovArt_Kurs.csproj", "{C1483ED0-EFA8-4FEA-8548-23E8C3094A5E}"
EndProject
Project("{FAE04EC0-301F-11D3-BF4B-00C04F79EFBC}") = "Lab9", "Lab9\Lab9.csproj", "{4F223A22-E2F5-4CA7-94F7-B2CF9D9960F0}"
EndProject
Project("{FAE04EC0-301F-11D3-BF4B-00C04F79EFBC}") = "Lab9.BusinessLayer", "Lab9.BusinessLayer\Lab9.BusinessLayer.csproj", "{D5AC725F-72D1-4F80-BC76-88125E9BC9AF}"
EndProject
Project("{FAE04EC0-301F-11D3-BF4B-00C04F79EFBC}") = "Lab9.DataLayer", "Lab9.DataLayer\Lab9.DataLayer.csproj", "{F7B70CC5-D007-4B44-90AE-DC4589B1A5D2}"
EndProject
Project("{FAE04EC0-301F-11D3-BF4B-00C04F79EFBC}") = "Lab4_Control", "Lab4_Control\Lab4_Control.csproj", "{87BB037A-20C8-4E27-8A7E-044C242F9B9D}"
EndProject
Global
	GlobalSection(SolutionConfigurationPlatforms) = preSolution
		Debug|Any CPU = Debug|Any CPU
		Debug|x86 = Debug|x86
		Release|Any CPU = Release|Any CPU
		Release|x86 = Release|x86
	EndGlobalSection
	GlobalSection(ProjectConfigurationPlatforms) = postSolution
		{23726198-F40F-4936-992E-14760FB9D5AA}.Debug|Any CPU.ActiveCfg = Debug|Any CPU
		{23726198-F40F-4936-992E-14760FB9D5AA}.Debug|Any CPU.Build.0 = Debug|Any CPU
		{23726198-F40F-4936-992E-14760FB9D5AA}.Debug|x86.ActiveCfg = Debug|Any CPU
		{23726198-F40F-4936-992E-14760FB9D5AA}.Debug|x86.Build.0 = Debug|Any CPU
		{23726198-F40F-4936-992E-14760FB9D5AA}.Release|Any CPU.ActiveCfg = Release|Any CPU
		{23726198-F40F-4936-992E-14760FB9D5AA}.Release|Any CPU.Build.0 = Release|Any CPU
		{23726198-F40F-4936-992E-14760FB9D5AA}.Release|x86.ActiveCfg = Release|Any CPU
		{23726198-F40F-4936-992E-14760FB9D5AA}.Release|x86.Build.0 = Release|Any CPU
		{DFBE30BD-5781-4543-929B-993131200056}.Debug|Any CPU.ActiveCfg = Debug|Any CPU
		{DFBE30BD-5781-4543-929B-993131200056}.Debug|Any CPU.Build.0 = Debug|Any CPU
		{DFBE30BD-5781-4543-929B-993131200056}.Debug|x86.ActiveCfg = Debug|Any CPU
		{DFBE30BD-5781-4543-929B-993131200056}.Debug|x86.Build.0 = Debug|Any CPU
		{DFBE30BD-5781-4543-929B-993131200056}.Release|Any CPU.ActiveCfg = Release|Any CPU
		{DFBE30BD-5781-4543-929B-993131200056}.Release|Any CPU.Build.0 = Release|Any CPU
		{DFBE30BD-5781-4543-929B-993131200056}.Release|x86.ActiveCfg = Release|Any CPU
		{DFBE30BD-5781-4543-929B-993131200056}.Release|x86.Build.0 = Release|Any CPU
		{7D93440D-FFBA-45DE-8DF4-D3EA112C0463}.Debug|Any CPU.ActiveCfg = Debug|Any CPU
		{7D93440D-FFBA-45DE-8DF4-D3EA112C0463}.Debug|Any CPU.Build.0 = Debug|Any CPU
		{7D93440D-FFBA-45DE-8DF4-D3EA112C0463}.Debug|x86.ActiveCfg = Debug|Any CPU
		{7D93440D-FFBA-45DE-8DF4-D3EA112C0463}.Debug|x86.Build.0 = Debug|Any CPU
		{7D93440D-FFBA-45DE-8DF4-D3EA112C0463}.Release|Any CPU.ActiveCfg = Release|Any CPU
		{7D93440D-FFBA-45DE-8DF4-D3EA112C0463}.Release|Any CPU.Build.0 = Release|Any CPU
		{7D93440D-FFBA-45DE-8DF4-D3EA112C0463}.Release|x86.ActiveCfg = Release|Any CPU
		{7D93440D-FFBA-45DE-8DF4-D3EA112C0463}.Release|x86.Build.0 = Release|Any CPU
		{A410DA4B-F1EE-4036-B059-20F82E716CF9}.Debug|Any CPU.ActiveCfg = Debug|Any CPU
		{A410DA4B-F1EE-4036-B059-20F82E716CF9}.Debug|Any CPU.Build.0 = Debug|Any CPU
		{A410DA4B-F1EE-4036-B059-20F82E716CF9}.Debug|x86.ActiveCfg = Debug|Any CPU
		{A410DA4B-F1EE-4036-B059-20F82E716CF9}.Debug|x86.Build.0 = Debug|Any CPU
		{A410DA4B-F1EE-4036-B059-20F82E716CF9}.Release|Any CPU.ActiveCfg = Release|Any CPU
		{A410DA4B-F1EE-4036-B059-20F82E716CF9}.Release|Any CPU.Build.0 = Release|Any CPU
		{A410DA4B-F1EE-4036-B059-20F82E716CF9}.Release|x86.ActiveCfg = Release|Any CPU
		{A410DA4B-F1EE-4036-B059-20F82E716CF9}.Release|x86.Build.0 = Release|Any CPU
		{A518FFCA-CD09-4E8C-8071-A1746DE57347}.Debug|Any CPU.ActiveCfg = Debug|Any CPU
		{A518FFCA-CD09-4E8C-8071-A1746DE57347}.Debug|Any CPU.Build.0 = Debug|Any CPU
		{A518FFCA-CD09-4E8C-8071-A1746DE57347}.Debug|x86.ActiveCfg = Debug|Any CPU
		{A518FFCA-CD09-4E8C-8071-A1746DE57347}.Debug|x86.Build.0 = Debug|Any CPU
		{A518FFCA-CD09-4E8C-8071-A1746DE57347}.Release|Any CPU.ActiveCfg = Release|Any CPU
		{A518FFCA-CD09-4E8C-8071-A1746DE57347}.Release|Any CPU.Build.0 = Release|Any CPU
		{A518FFCA-CD09-4E8C-8071-A1746DE57347}.Release|x86.ActiveCfg = Release|Any CPU
		{A518FFCA-CD09-4E8C-8071-A1746DE57347}.Release|x86.Build.0 = Release|Any CPU
		{7853E6CF-5246-4583-AA6C-57F9A78552FE}.Debug|Any CPU.ActiveCfg = Debug|Any CPU
		{7853E6CF-5246-4583-AA6C-57F9A78552FE}.Debug|Any CPU.Build.0 = Debug|Any CPU
		{7853E6CF-5246-4583-AA6C-57F9A78552FE}.Debug|x86.ActiveCfg = Debug|Any CPU
		{7853E6CF-5246-4583-AA6C-57F9A78552FE}.Debug|x86.Build.0 = Debug|Any CPU
		{7853E6CF-5246-4583-AA6C-57F9A78552FE}.Release|Any CPU.ActiveCfg = Release|Any CPU
		{7853E6CF-5246-4583-AA6C-57F9A78552FE}.Release|Any CPU.Build.0 = Release|Any CPU
		{7853E6CF-5246-4583-AA6C-57F9A78552FE}.Release|x86.ActiveCfg = Release|Any CPU
		{7853E6CF-5246-4583-AA6C-57F9A78552FE}.Release|x86.Build.0 = Release|Any CPU
		{2073D414-AB50-4832-908B-15ED4E9F5D2A}.Debug|Any CPU.ActiveCfg = Debug|Any CPU
		{2073D414-AB50-4832-908B-15ED4E9F5D2A}.Debug|Any CPU.Build.0 = Debug|Any CPU
		{2073D414-AB50-4832-908B-15ED4E9F5D2A}.Debug|x86.ActiveCfg = Debug|Any CPU
		{2073D414-AB50-4832-908B-15ED4E9F5D2A}.Debug|x86.Build.0 = Debug|Any CPU
		{2073D414-AB50-4832-908B-15ED4E9F5D2A}.Release|Any CPU.ActiveCfg = Release|Any CPU
		{2073D414-AB50-4832-908B-15ED4E9F5D2A}.Release|Any CPU.Build.0 = Release|Any CPU
		{2073D414-AB50-4832-908B-15ED4E9F5D2A}.Release|x86.ActiveCfg = Release|Any CPU
		{2073D414-AB50-4832-908B-15ED4E9F5D2A}.Release|x86.Build.0 = Release|Any CPU
		{C2FAC313-A1DE-4495-84E0-1D67878ED5BC}.Debug|Any CPU.ActiveCfg = Debug|Any CPU
		{C2FAC313-A1DE-4495-84E0-1D67878ED5BC}.Debug|Any CPU.Build.0 = Debug|Any CPU
		{C2FAC313-A1DE-4495-84E0-1D67878ED5BC}.Debug|x86.ActiveCfg = Debug|Any CPU
		{C2FAC313-A1DE-4495-84E0-1D67878ED5BC}.Debug|x86.Build.0 = Debug|Any CPU
		{C2FAC313-A1DE-4495-84E0-1D67878ED5BC}.Release|Any CPU.ActiveCfg = Release|Any CPU
		{C2FAC313-A1DE-4495-84E0-1D67878ED5BC}.Release|Any CPU.Build.0 = Release|Any CPU
		{C2FAC313-A1DE-4495-84E0-1D67878ED5BC}.Release|x86.ActiveCfg = Release|Any CPU
		{C2FAC313-A1DE-4495-84E0-1D67878ED5BC}.Release|x86.Build.0 = Release|Any CPU
		{E7F81147-F174-42B1-82FC-9A105E335F31}.Debug|Any CPU.ActiveCfg = Debug|Any CPU
		{E7F81147-F174-42B1-82FC-9A105E335F31}.Debug|Any CPU.Build.0 = Debug|Any CPU
		{E7F81147-F174-42B1-82FC-9A105E335F31}.Debug|x86.ActiveCfg = Debug|Any CPU
		{E7F81147-F174-42B1-82FC-9A105E335F31}.Debug|x86.Build.0 = Debug|Any CPU
		{E7F81147-F174-42B1-82FC-9A105E335F31}.Release|Any CPU.ActiveCfg = Release|Any CPU
		{E7F81147-F174-42B1-82FC-9A105E335F31}.Release|Any CPU.Build.0 = Release|Any CPU
		{E7F81147-F174-42B1-82FC-9A105E335F31}.Release|x86.ActiveCfg = Release|Any CPU
		{E7F81147-F174-42B1-82FC-9A105E335F31}.Release|x86.Build.0 = Release|Any CPU
		{0619A65C-57C7-422C-9C9B-D15C75AFD652}.Debug|Any CPU.ActiveCfg = Debug|Any CPU
		{0619A65C-57C7-422C-9C9B-D15C75AFD652}.Debug|Any CPU.Build.0 = Debug|Any CPU
		{0619A65C-57C7-422C-9C9B-D15C75AFD652}.Debug|x86.ActiveCfg = Debug|Any CPU
		{0619A65C-57C7-422C-9C9B-D15C75AFD652}.Debug|x86.Build.0 = Debug|Any CPU
		{0619A65C-57C7-422C-9C9B-D15C75AFD652}.Release|Any CPU.ActiveCfg = Release|Any CPU
		{0619A65C-57C7-422C-9C9B-D15C75AFD652}.Release|Any CPU.Build.0 = Release|Any CPU
		{0619A65C-57C7-422C-9C9B-D15C75AFD652}.Release|x86.ActiveCfg = Release|Any CPU
		{0619A65C-57C7-422C-9C9B-D15C75AFD652}.Release|x86.Build.0 = Release|Any CPU
		{2881B3A5-21DD-40B1-8B20-9019EF9837BA}.Debug|Any CPU.ActiveCfg = Debug|Any CPU
		{2881B3A5-21DD-40B1-8B20-9019EF9837BA}.Debug|Any CPU.Build.0 = Debug|Any CPU
		{2881B3A5-21DD-40B1-8B20-9019EF9837BA}.Debug|x86.ActiveCfg = Debug|Any CPU
		{2881B3A5-21DD-40B1-8B20-9019EF9837BA}.Debug|x86.Build.0 = Debug|Any CPU
		{2881B3A5-21DD-40B1-8B20-9019EF9837BA}.Release|Any CPU.ActiveCfg = Release|Any CPU
		{2881B3A5-21DD-40B1-8B20-9019EF9837BA}.Release|Any CPU.Build.0 = Release|Any CPU
		{2881B3A5-21DD-40B1-8B20-9019EF9837BA}.Release|x86.ActiveCfg = Release|Any CPU
		{2881B3A5-21DD-40B1-8B20-9019EF9837BA}.Release|x86.Build.0 = Release|Any CPU
		{C1483ED0-EFA8-4FEA-8548-23E8C3094A5E}.Debug|Any CPU.ActiveCfg = Debug|Any CPU
		{C1483ED0-EFA8-4FEA-8548-23E8C3094A5E}.Debug|Any CPU.Build.0 = Debug|Any CPU
		{C1483ED0-EFA8-4FEA-8548-23E8C3094A5E}.Debug|x86.ActiveCfg = Debug|Any CPU
		{C1483ED0-EFA8-4FEA-8548-23E8C3094A5E}.Debug|x86.Build.0 = Debug|Any CPU
		{C1483ED0-EFA8-4FEA-8548-23E8C3094A5E}.Release|Any CPU.ActiveCfg = Release|Any CPU
		{C1483ED0-EFA8-4FEA-8548-23E8C3094A5E}.Release|Any CPU.Build.0 = Release|Any CPU
		{C1483ED0-EFA8-4FEA-8548-23E8C3094A5E}.Release|x86.ActiveCfg = Release|Any CPU
		{C1483ED0-EFA8-4FEA-8548-23E8C3094A5E}.Release|x86.Build.0 = Release|Any CPU
		{4F223A22-E2F5-4CA7-94F7-B2CF9D9960F0}.Debug|Any CPU.ActiveCfg = Debug|Any CPU
		{4F223A22-E2F5-4CA7-94F7-B2CF9D9960F0}.Debug|Any CPU.Build.0 = Debug|Any CPU
		{4F223A22-E2F5-4CA7-94F7-B2CF9D9960F0}.Debug|x86.ActiveCfg = Debug|Any CPU
		{4F223A22-E2F5-4CA7-94F7-B2CF9D9960F0}.Debug|x86.Build.0 = Debug|Any CPU
		{4F223A22-E2F5-4CA7-94F7-B2CF9D9960F0}.Release|Any CPU.ActiveCfg = Release|Any CPU
		{4F223A22-E2F5-4CA7-94F7-B2CF9D9960F0}.Release|Any CPU.Build.0 = Release|Any CPU
		{4F223A22-E2F5-4CA7-94F7-B2CF9D9960F0}.Release|x86.ActiveCfg = Release|Any CPU
		{4F223A22-E2F5-4CA7-94F7-B2CF9D9960F0}.Release|x86.Build.0 = Release|Any CPU
		{D5AC725F-72D1-4F80-BC76-88125E9BC9AF}.Debug|Any CPU.ActiveCfg = Debug|Any CPU
		{D5AC725F-72D1-4F80-BC76-88125E9BC9AF}.Debug|Any CPU.Build.0 = Debug|Any CPU
		{D5AC725F-72D1-4F80-BC76-88125E9BC9AF}.Debug|x86.ActiveCfg = Debug|Any CPU
		{D5AC725F-72D1-4F80-BC76-88125E9BC9AF}.Debug|x86.Build.0 = Debug|Any CPU
		{D5AC725F-72D1-4F80-BC76-88125E9BC9AF}.Release|Any CPU.ActiveCfg = Release|Any CPU
		{D5AC725F-72D1-4F80-BC76-88125E9BC9AF}.Release|Any CPU.Build.0 = Release|Any CPU
		{D5AC725F-72D1-4F80-BC76-88125E9BC9AF}.Release|x86.ActiveCfg = Release|Any CPU
		{D5AC725F-72D1-4F80-BC76-88125E9BC9AF}.Release|x86.Build.0 = Release|Any CPU
		{F7B70CC5-D007-4B44-90AE-DC4589B1A5D2}.Debug|Any CPU.ActiveCfg = Debug|Any CPU
		{F7B70CC5-D007-4B44-90AE-DC4589B1A5D2}.Debug|Any CPU.Build.0 = Debug|Any CPU
		{F7B70CC5-D007-4B44-90AE-DC4589B1A5D2}.Debug|x86.ActiveCfg = Debug|Any CPU
		{F7B70CC5-D007-4B44-90AE-DC4589B1A5D2}.Debug|x86.Build.0 = Debug|Any CPU
		{F7B70CC5-D007-4B44-90AE-DC4589B1A5D2}.Release|Any CPU.ActiveCfg = Release|Any CPU
		{F7B70CC5-D007-4B44-90AE-DC4589B1A5D2}.Release|Any CPU.Build.0 = Release|Any CPU
		{F7B70CC5-D007-4B44-90AE-DC4589B1A5D2}.Release|x86.ActiveCfg = Release|Any CPU
		{F7B70CC5-D007-4B44-90AE-DC4589B1A5D2}.Release|x86.Build.0 = Release|Any CPU
		{87BB037A-20C8-4E27-8A7E-044C242F9B9D}.Debug|Any CPU.ActiveCfg = Debug|Any CPU
		{87BB037A-20C8-4E27-8A7E-044C242F9B9D}.Debug|Any CPU.Build.0 = Debug|Any CPU
		{87BB037A-20C8-4E27-8A7E-044C242F9B9D}.Debug|x86.ActiveCfg = Debug|Any CPU
		{87BB037A-20C8-4E27-8A7E-044C242F9B9D}.Debug|x86.Build.0 = Debug|Any CPU
		{87BB037A-20C8-4E27-8A7E-044C242F9B9D}.Release|Any CPU.ActiveCfg = Release|Any CPU
		{87BB037A-20C8-4E27-8A7E-044C242F9B9D}.Release|Any CPU.Build.0 = Release|Any CPU
		{87BB037A-20C8-4E27-8A7E-044C242F9B9D}.Release|x86.ActiveCfg = Release|Any CPU
		{87BB037A-20C8-4E27-8A7E-044C242F9B9D}.Release|x86.Build.0 = Release|Any CPU
	EndGlobalSection
	GlobalSection(SolutionProperties) = preSolution
		HideSolutionNode = FALSE
	EndGlobalSection
	GlobalSection(NestedProjects) = preSolution
		{23726198-F40F-4936-992E-14760FB9D5AA} = {F45FF698-3038-4AB3-B629-8FA79203A741}
		{DFBE30BD-5781-4543-929B-993131200056} = {F45FF698-3038-4AB3-B629-8FA79203A741}
		{7D93440D-FFBA-45DE-8DF4-D3EA112C0463} = {C36910BD-644F-42A1-918A-33E609FDBA08}
		{A410DA4B-F1EE-4036-B059-20F82E716CF9} = {C36910BD-644F-42A1-918A-33E609FDBA08}
		{A518FFCA-CD09-4E8C-8071-A1746DE57347} = {92E02E2C-09C6-49E9-8780-D9FCE42E1EC4}
		{7853E6CF-5246-4583-AA6C-57F9A78552FE} = {92E02E2C-09C6-49E9-8780-D9FCE42E1EC4}
		{2073D414-AB50-4832-908B-15ED4E9F5D2A} = {0EDD851C-DFC0-440E-9AE7-7CCB57787272}
		{C2FAC313-A1DE-4495-84E0-1D67878ED5BC} = {7DB02543-901C-4F34-B327-F2112A0A7E34}
		{E7F81147-F174-42B1-82FC-9A105E335F31} = {950C1F6D-2434-4FDE-B507-477C551B58B7}
		{0619A65C-57C7-422C-9C9B-D15C75AFD652} = {A9CB2E13-43BF-4BED-8040-CBA62717201C}
		{2881B3A5-21DD-40B1-8B20-9019EF9837BA} = {124C89AE-A729-4D77-BC5C-61B733F49911}
		{C1483ED0-EFA8-4FEA-8548-23E8C3094A5E} = {6662A941-8FA1-490C-8BAE-BD920E237C77}
		{4F223A22-E2F5-4CA7-94F7-B2CF9D9960F0} = {AE82F98D-EA63-43E8-886A-554663479561}
		{D5AC725F-72D1-4F80-BC76-88125E9BC9AF} = {AE82F98D-EA63-43E8-886A-554663479561}
		{F7B70CC5-D007-4B44-90AE-DC4589B1A5D2} = {AE82F98D-EA63-43E8-886A-554663479561}
		{87BB037A-20C8-4E27-8A7E-044C242F9B9D} = {124C89AE-A729-4D77-BC5C-61B733F49911}
	EndGlobalSection
	GlobalSection(ExtensibilityGlobals) = postSolution
		SolutionGuid = {4FF0F879-8762-4C3D-BCC8-6535ACE5A129}
	EndGlobalSection
EndGlobal
